// !$*UTF8*$!
{
	archiveVersion = 1;
	classes = {
	};
	objectVersion = 46;
	objects = {

/* Begin PBXBuildFile section */
		63604AAC1D925F3900F9D9F0 /* main.m in Sources */ = {isa = PBXBuildFile; fileRef = 63604AAB1D925F3900F9D9F0 /* main.m */; };
		63604AAF1D925F3900F9D9F0 /* AppDelegate.m in Sources */ = {isa = PBXBuildFile; fileRef = 63604AAE1D925F3900F9D9F0 /* AppDelegate.m */; };
		63604AB21D925F3900F9D9F0 /* ViewController.m in Sources */ = {isa = PBXBuildFile; fileRef = 63604AB11D925F3900F9D9F0 /* ViewController.m */; };
		63604AB51D925F3900F9D9F0 /* Main.storyboard in Resources */ = {isa = PBXBuildFile; fileRef = 63604AB31D925F3900F9D9F0 /* Main.storyboard */; };
		63604AB71D925F3900F9D9F0 /* Assets.xcassets in Resources */ = {isa = PBXBuildFile; fileRef = 63604AB61D925F3900F9D9F0 /* Assets.xcassets */; };
		63604ABA1D925F3900F9D9F0 /* LaunchScreen.storyboard in Resources */ = {isa = PBXBuildFile; fileRef = 63604AB81D925F3900F9D9F0 /* LaunchScreen.storyboard */; };
		63604AC31D925FDB00F9D9F0 /* BDExpertDetailPersionalInformationView.m in Sources */ = {isa = PBXBuildFile; fileRef = 63604AC21D925FDA00F9D9F0 /* BDExpertDetailPersionalInformationView.m */; };
		63604AD21D925FF600F9D9F0 /* BDScrollowToH.m in Sources */ = {isa = PBXBuildFile; fileRef = 63604AC51D925FF600F9D9F0 /* BDScrollowToH.m */; };
		63604AD31D925FF600F9D9F0 /* BDScrollowToV.m in Sources */ = {isa = PBXBuildFile; fileRef = 63604AC71D925FF600F9D9F0 /* BDScrollowToV.m */; };
		63604AD41D925FF600F9D9F0 /* OneScrollow.m in Sources */ = {isa = PBXBuildFile; fileRef = 63604AC91D925FF600F9D9F0 /* OneScrollow.m */; };
		63604AD51D925FF600F9D9F0 /* OneTableViewController.m in Sources */ = {isa = PBXBuildFile; fileRef = 63604ACB1D925FF600F9D9F0 /* OneTableViewController.m */; };
		63604AD61D925FF600F9D9F0 /* ThreeTableViewController.m in Sources */ = {isa = PBXBuildFile; fileRef = 63604ACD1D925FF600F9D9F0 /* ThreeTableViewController.m */; };
		63604AD71D925FF600F9D9F0 /* TowTableViewController.m in Sources */ = {isa = PBXBuildFile; fileRef = 63604ACF1D925FF600F9D9F0 /* TowTableViewController.m */; };
		63604AF41D92600A00F9D9F0 /* Info.plist in Resources */ = {isa = PBXBuildFile; fileRef = 63604ADA1D92600A00F9D9F0 /* Info.plist */; };
		63604AF51D92600A00F9D9F0 /* MASCompositeConstraint.m in Sources */ = {isa = PBXBuildFile; fileRef = 63604ADC1D92600A00F9D9F0 /* MASCompositeConstraint.m */; };
		63604AF61D92600A00F9D9F0 /* MASConstraint.m in Sources */ = {isa = PBXBuildFile; fileRef = 63604ADF1D92600A00F9D9F0 /* MASConstraint.m */; };
		63604AF71D92600A00F9D9F0 /* MASConstraintMaker.m in Sources */ = {isa = PBXBuildFile; fileRef = 63604AE11D92600A00F9D9F0 /* MASConstraintMaker.m */; };
		63604AF81D92600A00F9D9F0 /* MASLayoutConstraint.m in Sources */ = {isa = PBXBuildFile; fileRef = 63604AE31D92600A00F9D9F0 /* MASLayoutConstraint.m */; };
		63604AF91D92600A00F9D9F0 /* MASViewAttribute.m in Sources */ = {isa = PBXBuildFile; fileRef = 63604AE71D92600A00F9D9F0 /* MASViewAttribute.m */; };
		63604AFA1D92600A00F9D9F0 /* MASViewConstraint.m in Sources */ = {isa = PBXBuildFile; fileRef = 63604AE91D92600A00F9D9F0 /* MASViewConstraint.m */; };
		63604AFB1D92600A00F9D9F0 /* NSArray+MASAdditions.m in Sources */ = {isa = PBXBuildFile; fileRef = 63604AEB1D92600A00F9D9F0 /* NSArray+MASAdditions.m */; };
		63604AFC1D92600A00F9D9F0 /* NSLayoutConstraint+MASDebugAdditions.m in Sources */ = {isa = PBXBuildFile; fileRef = 63604AEE1D92600A00F9D9F0 /* NSLayoutConstraint+MASDebugAdditions.m */; };
		63604AFD1D92600A00F9D9F0 /* View+MASAdditions.m in Sources */ = {isa = PBXBuildFile; fileRef = 63604AF01D92600A00F9D9F0 /* View+MASAdditions.m */; };
		63604AFE1D92600A00F9D9F0 /* ViewController+MASAdditions.m in Sources */ = {isa = PBXBuildFile; fileRef = 63604AF31D92600A00F9D9F0 /* ViewController+MASAdditions.m */; };
		63604B011D92601C00F9D9F0 /* BaseTableViewController.m in Sources */ = {isa = PBXBuildFile; fileRef = 63604B001D92601C00F9D9F0 /* BaseTableViewController.m */; };
		63604B081D92613B00F9D9F0 /* UIView+LWView_Extension.m in Sources */ = {isa = PBXBuildFile; fileRef = 63604B071D92613B00F9D9F0 /* UIView+LWView_Extension.m */; };
/* End PBXBuildFile section */

/* Begin PBXFileReference section */
		63604AA71D925F3900F9D9F0 /* LWScrollow.app */ = {isa = PBXFileReference; explicitFileType = wrapper.application; includeInIndex = 0; path = LWScrollow.app; sourceTree = BUILT_PRODUCTS_DIR; };
		63604AAB1D925F3900F9D9F0 /* main.m */ = {isa = PBXFileReference; lastKnownFileType = sourcecode.c.objc; path = main.m; sourceTree = "<group>"; };
		63604AAD1D925F3900F9D9F0 /* AppDelegate.h */ = {isa = PBXFileReference; lastKnownFileType = sourcecode.c.h; path = AppDelegate.h; sourceTree = "<group>"; };
		63604AAE1D925F3900F9D9F0 /* AppDelegate.m */ = {isa = PBXFileReference; lastKnownFileType = sourcecode.c.objc; path = AppDelegate.m; sourceTree = "<group>"; };
		63604AB01D925F3900F9D9F0 /* ViewController.h */ = {isa = PBXFileReference; lastKnownFileType = sourcecode.c.h; path = ViewController.h; sourceTree = "<group>"; };
		63604AB11D925F3900F9D9F0 /* ViewController.m */ = {isa = PBXFileReference; lastKnownFileType = sourcecode.c.objc; path = ViewController.m; sourceTree = "<group>"; };
		63604AB41D925F3900F9D9F0 /* Base */ = {isa = PBXFileReference; lastKnownFileType = file.storyboard; name = Base; path = Base.lproj/Main.storyboard; sourceTree = "<group>"; };
		63604AB61D925F3900F9D9F0 /* Assets.xcassets */ = {isa = PBXFileReference; lastKnownFileType = folder.assetcatalog; path = Assets.xcassets; sourceTree = "<group>"; };
		63604AB91D925F3900F9D9F0 /* Base */ = {isa = PBXFileReference; lastKnownFileType = file.storyboard; name = Base; path = Base.lproj/LaunchScreen.storyboard; sourceTree = "<group>"; };
		63604ABB1D925F3900F9D9F0 /* Info.plist */ = {isa = PBXFileReference; lastKnownFileType = text.plist.xml; path = Info.plist; sourceTree = "<group>"; };
		63604AC11D925FDA00F9D9F0 /* BDExpertDetailPersionalInformationView.h */ = {isa = PBXFileReference; fileEncoding = 4; lastKnownFileType = sourcecode.c.h; path = BDExpertDetailPersionalInformationView.h; sourceTree = "<group>"; };
		63604AC21D925FDA00F9D9F0 /* BDExpertDetailPersionalInformationView.m */ = {isa = PBXFileReference; fileEncoding = 4; lastKnownFileType = sourcecode.c.objc; path = BDExpertDetailPersionalInformationView.m; sourceTree = "<group>"; };
		63604AC41D925FF600F9D9F0 /* BDScrollowToH.h */ = {isa = PBXFileReference; fileEncoding = 4; lastKnownFileType = sourcecode.c.h; path = BDScrollowToH.h; sourceTree = "<group>"; };
		63604AC51D925FF600F9D9F0 /* BDScrollowToH.m */ = {isa = PBXFileReference; fileEncoding = 4; lastKnownFileType = sourcecode.c.objc; path = BDScrollowToH.m; sourceTree = "<group>"; };
		63604AC61D925FF600F9D9F0 /* BDScrollowToV.h */ = {isa = PBXFileReference; fileEncoding = 4; lastKnownFileType = sourcecode.c.h; path = BDScrollowToV.h; sourceTree = "<group>"; };
		63604AC71D925FF600F9D9F0 /* BDScrollowToV.m */ = {isa = PBXFileReference; fileEncoding = 4; lastKnownFileType = sourcecode.c.objc; path = BDScrollowToV.m; sourceTree = "<group>"; };
		63604AC81D925FF600F9D9F0 /* OneScrollow.h */ = {isa = PBXFileReference; fileEncoding = 4; lastKnownFileType = sourcecode.c.h; path = OneScrollow.h; sourceTree = "<group>"; };
		63604AC91D925FF600F9D9F0 /* OneScrollow.m */ = {isa = PBXFileReference; fileEncoding = 4; lastKnownFileType = sourcecode.c.objc; path = OneScrollow.m; sourceTree = "<group>"; };
		63604ACA1D925FF600F9D9F0 /* OneTableViewController.h */ = {isa = PBXFileReference; fileEncoding = 4; lastKnownFileType = sourcecode.c.h; path = OneTableViewController.h; sourceTree = "<group>"; };
		63604ACB1D925FF600F9D9F0 /* OneTableViewController.m */ = {isa = PBXFileReference; fileEncoding = 4; lastKnownFileType = sourcecode.c.objc; path = OneTableViewController.m; sourceTree = "<group>"; };
		63604ACC1D925FF600F9D9F0 /* ThreeTableViewController.h */ = {isa = PBXFileReference; fileEncoding = 4; lastKnownFileType = sourcecode.c.h; path = ThreeTableViewController.h; sourceTree = "<group>"; };
		63604ACD1D925FF600F9D9F0 /* ThreeTableViewController.m */ = {isa = PBXFileReference; fileEncoding = 4; lastKnownFileType = sourcecode.c.objc; path = ThreeTableViewController.m; sourceTree = "<group>"; };
		63604ACE1D925FF600F9D9F0 /* TowTableViewController.h */ = {isa = PBXFileReference; fileEncoding = 4; lastKnownFileType = sourcecode.c.h; path = TowTableViewController.h; sourceTree = "<group>"; };
		63604ACF1D925FF600F9D9F0 /* TowTableViewController.m */ = {isa = PBXFileReference; fileEncoding = 4; lastKnownFileType = sourcecode.c.objc; path = TowTableViewController.m; sourceTree = "<group>"; };
		63604ADA1D92600A00F9D9F0 /* Info.plist */ = {isa = PBXFileReference; fileEncoding = 4; lastKnownFileType = text.plist.xml; path = Info.plist; sourceTree = "<group>"; };
		63604ADB1D92600A00F9D9F0 /* MASCompositeConstraint.h */ = {isa = PBXFileReference; fileEncoding = 4; lastKnownFileType = sourcecode.c.h; path = MASCompositeConstraint.h; sourceTree = "<group>"; };
		63604ADC1D92600A00F9D9F0 /* MASCompositeConstraint.m */ = {isa = PBXFileReference; fileEncoding = 4; lastKnownFileType = sourcecode.c.objc; path = MASCompositeConstraint.m; sourceTree = "<group>"; };
		63604ADD1D92600A00F9D9F0 /* MASConstraint+Private.h */ = {isa = PBXFileReference; fileEncoding = 4; lastKnownFileType = sourcecode.c.h; path = "MASConstraint+Private.h"; sourceTree = "<group>"; };
		63604ADE1D92600A00F9D9F0 /* MASConstraint.h */ = {isa = PBXFileReference; fileEncoding = 4; lastKnownFileType = sourcecode.c.h; path = MASConstraint.h; sourceTree = "<group>"; };
		63604ADF1D92600A00F9D9F0 /* MASConstraint.m */ = {isa = PBXFileReference; fileEncoding = 4; lastKnownFileType = sourcecode.c.objc; path = MASConstraint.m; sourceTree = "<group>"; };
		63604AE01D92600A00F9D9F0 /* MASConstraintMaker.h */ = {isa = PBXFileReference; fileEncoding = 4; lastKnownFileType = sourcecode.c.h; path = MASConstraintMaker.h; sourceTree = "<group>"; };
		63604AE11D92600A00F9D9F0 /* MASConstraintMaker.m */ = {isa = PBXFileReference; fileEncoding = 4; lastKnownFileType = sourcecode.c.objc; path = MASConstraintMaker.m; sourceTree = "<group>"; };
		63604AE21D92600A00F9D9F0 /* MASLayoutConstraint.h */ = {isa = PBXFileReference; fileEncoding = 4; lastKnownFileType = sourcecode.c.h; path = MASLayoutConstraint.h; sourceTree = "<group>"; };
		63604AE31D92600A00F9D9F0 /* MASLayoutConstraint.m */ = {isa = PBXFileReference; fileEncoding = 4; lastKnownFileType = sourcecode.c.objc; path = MASLayoutConstraint.m; sourceTree = "<group>"; };
		63604AE41D92600A00F9D9F0 /* Masonry.h */ = {isa = PBXFileReference; fileEncoding = 4; lastKnownFileType = sourcecode.c.h; path = Masonry.h; sourceTree = "<group>"; };
		63604AE51D92600A00F9D9F0 /* MASUtilities.h */ = {isa = PBXFileReference; fileEncoding = 4; lastKnownFileType = sourcecode.c.h; path = MASUtilities.h; sourceTree = "<group>"; };
		63604AE61D92600A00F9D9F0 /* MASViewAttribute.h */ = {isa = PBXFileReference; fileEncoding = 4; lastKnownFileType = sourcecode.c.h; path = MASViewAttribute.h; sourceTree = "<group>"; };
		63604AE71D92600A00F9D9F0 /* MASViewAttribute.m */ = {isa = PBXFileReference; fileEncoding = 4; lastKnownFileType = sourcecode.c.objc; path = MASViewAttribute.m; sourceTree = "<group>"; };
		63604AE81D92600A00F9D9F0 /* MASViewConstraint.h */ = {isa = PBXFileReference; fileEncoding = 4; lastKnownFileType = sourcecode.c.h; path = MASViewConstraint.h; sourceTree = "<group>"; };
		63604AE91D92600A00F9D9F0 /* MASViewConstraint.m */ = {isa = PBXFileReference; fileEncoding = 4; lastKnownFileType = sourcecode.c.objc; path = MASViewConstraint.m; sourceTree = "<group>"; };
		63604AEA1D92600A00F9D9F0 /* NSArray+MASAdditions.h */ = {isa = PBXFileReference; fileEncoding = 4; lastKnownFileType = sourcecode.c.h; path = "NSArray+MASAdditions.h"; sourceTree = "<group>"; };
		63604AEB1D92600A00F9D9F0 /* NSArray+MASAdditions.m */ = {isa = PBXFileReference; fileEncoding = 4; lastKnownFileType = sourcecode.c.objc; path = "NSArray+MASAdditions.m"; sourceTree = "<group>"; };
		63604AEC1D92600A00F9D9F0 /* NSArray+MASShorthandAdditions.h */ = {isa = PBXFileReference; fileEncoding = 4; lastKnownFileType = sourcecode.c.h; path = "NSArray+MASShorthandAdditions.h"; sourceTree = "<group>"; };
		63604AED1D92600A00F9D9F0 /* NSLayoutConstraint+MASDebugAdditions.h */ = {isa = PBXFileReference; fileEncoding = 4; lastKnownFileType = sourcecode.c.h; path = "NSLayoutConstraint+MASDebugAdditions.h"; sourceTree = "<group>"; };
		63604AEE1D92600A00F9D9F0 /* NSLayoutConstraint+MASDebugAdditions.m */ = {isa = PBXFileReference; fileEncoding = 4; lastKnownFileType = sourcecode.c.objc; path = "NSLayoutConstraint+MASDebugAdditions.m"; sourceTree = "<group>"; };
		63604AEF1D92600A00F9D9F0 /* View+MASAdditions.h */ = {isa = PBXFileReference; fileEncoding = 4; lastKnownFileType = sourcecode.c.h; path = "View+MASAdditions.h"; sourceTree = "<group>"; };
		63604AF01D92600A00F9D9F0 /* View+MASAdditions.m */ = {isa = PBXFileReference; fileEncoding = 4; lastKnownFileType = sourcecode.c.objc; path = "View+MASAdditions.m"; sourceTree = "<group>"; };
		63604AF11D92600A00F9D9F0 /* View+MASShorthandAdditions.h */ = {isa = PBXFileReference; fileEncoding = 4; lastKnownFileType = sourcecode.c.h; path = "View+MASShorthandAdditions.h"; sourceTree = "<group>"; };
		63604AF21D92600A00F9D9F0 /* ViewController+MASAdditions.h */ = {isa = PBXFileReference; fileEncoding = 4; lastKnownFileType = sourcecode.c.h; path = "ViewController+MASAdditions.h"; sourceTree = "<group>"; };
		63604AF31D92600A00F9D9F0 /* ViewController+MASAdditions.m */ = {isa = PBXFileReference; fileEncoding = 4; lastKnownFileType = sourcecode.c.objc; path = "ViewController+MASAdditions.m"; sourceTree = "<group>"; };
		63604AFF1D92601C00F9D9F0 /* BaseTableViewController.h */ = {isa = PBXFileReference; fileEncoding = 4; lastKnownFileType = sourcecode.c.h; path = BaseTableViewController.h; sourceTree = "<group>"; };
		63604B001D92601C00F9D9F0 /* BaseTableViewController.m */ = {isa = PBXFileReference; fileEncoding = 4; lastKnownFileType = sourcecode.c.objc; path = BaseTableViewController.m; sourceTree = "<group>"; };
		63604B061D92613B00F9D9F0 /* UIView+LWView_Extension.h */ = {isa = PBXFileReference; fileEncoding = 4; lastKnownFileType = sourcecode.c.h; path = "UIView+LWView_Extension.h"; sourceTree = "<group>"; };
		63604B071D92613B00F9D9F0 /* UIView+LWView_Extension.m */ = {isa = PBXFileReference; fileEncoding = 4; lastKnownFileType = sourcecode.c.objc; path = "UIView+LWView_Extension.m"; sourceTree = "<group>"; };
/* End PBXFileReference section */

/* Begin PBXFrameworksBuildPhase section */
		63604AA41D925F3900F9D9F0 /* Frameworks */ = {
			isa = PBXFrameworksBuildPhase;
			buildActionMask = 2147483647;
			files = (
			);
			runOnlyForDeploymentPostprocessing = 0;
		};
/* End PBXFrameworksBuildPhase section */

/* Begin PBXGroup section */
		63604A9E1D925F3900F9D9F0 = {
			isa = PBXGroup;
			children = (
				63604AA91D925F3900F9D9F0 /* LWScrollow */,
				63604AA81D925F3900F9D9F0 /* Products */,
			);
			sourceTree = "<group>";
		};
		63604AA81D925F3900F9D9F0 /* Products */ = {
			isa = PBXGroup;
			children = (
				63604AA71D925F3900F9D9F0 /* LWScrollow.app */,
			);
			name = Products;
			sourceTree = "<group>";
		};
		63604AA91D925F3900F9D9F0 /* LWScrollow */ = {
			isa = PBXGroup;
			children = (
				63604B051D92606A00F9D9F0 /* System */,
				63604B041D92605C00F9D9F0 /* Controller */,
				63604B031D92605500F9D9F0 /* View */,
				63604B021D92604900F9D9F0 /* Model */,
				63604AD91D92600A00F9D9F0 /* Masonry */,
				63604AB61D925F3900F9D9F0 /* Assets.xcassets */,
				63604ABB1D925F3900F9D9F0 /* Info.plist */,
				63604AAA1D925F3900F9D9F0 /* Supporting Files */,
			);
			path = LWScrollow;
			sourceTree = "<group>";
		};
		63604AAA1D925F3900F9D9F0 /* Supporting Files */ = {
			isa = PBXGroup;
			children = (
				63604AAB1D925F3900F9D9F0 /* main.m */,
			);
			name = "Supporting Files";
			sourceTree = "<group>";
		};
		63604AD91D92600A00F9D9F0 /* Masonry */ = {
			isa = PBXGroup;
			children = (
				63604AFF1D92601C00F9D9F0 /* BaseTableViewController.h */,
				63604B001D92601C00F9D9F0 /* BaseTableViewController.m */,
				63604ADA1D92600A00F9D9F0 /* Info.plist */,
				63604ADB1D92600A00F9D9F0 /* MASCompositeConstraint.h */,
				63604ADC1D92600A00F9D9F0 /* MASCompositeConstraint.m */,
				63604ADD1D92600A00F9D9F0 /* MASConstraint+Private.h */,
				63604ADE1D92600A00F9D9F0 /* MASConstraint.h */,
				63604ADF1D92600A00F9D9F0 /* MASConstraint.m */,
				63604AE01D92600A00F9D9F0 /* MASConstraintMaker.h */,
				63604AE11D92600A00F9D9F0 /* MASConstraintMaker.m */,
				63604AE21D92600A00F9D9F0 /* MASLayoutConstraint.h */,
				63604AE31D92600A00F9D9F0 /* MASLayoutConstraint.m */,
				63604AE41D92600A00F9D9F0 /* Masonry.h */,
				63604AE51D92600A00F9D9F0 /* MASUtilities.h */,
				63604AE61D92600A00F9D9F0 /* MASViewAttribute.h */,
				63604AE71D92600A00F9D9F0 /* MASViewAttribute.m */,
				63604AE81D92600A00F9D9F0 /* MASViewConstraint.h */,
				63604AE91D92600A00F9D9F0 /* MASViewConstraint.m */,
				63604AEA1D92600A00F9D9F0 /* NSArray+MASAdditions.h */,
				63604AEB1D92600A00F9D9F0 /* NSArray+MASAdditions.m */,
				63604AEC1D92600A00F9D9F0 /* NSArray+MASShorthandAdditions.h */,
				63604AED1D92600A00F9D9F0 /* NSLayoutConstraint+MASDebugAdditions.h */,
				63604AEE1D92600A00F9D9F0 /* NSLayoutConstraint+MASDebugAdditions.m */,
				63604AEF1D92600A00F9D9F0 /* View+MASAdditions.h */,
				63604AF01D92600A00F9D9F0 /* View+MASAdditions.m */,
				63604AF11D92600A00F9D9F0 /* View+MASShorthandAdditions.h */,
				63604AF21D92600A00F9D9F0 /* ViewController+MASAdditions.h */,
				63604AF31D92600A00F9D9F0 /* ViewController+MASAdditions.m */,
			);
			path = Masonry;
			sourceTree = "<group>";
		};
		63604B021D92604900F9D9F0 /* Model */ = {
			isa = PBXGroup;
			children = (
			);
			name = Model;
			sourceTree = "<group>";
		};
		63604B031D92605500F9D9F0 /* View */ = {
			isa = PBXGroup;
			children = (
				63604AC41D925FF600F9D9F0 /* BDScrollowToH.h */,
				63604AC51D925FF600F9D9F0 /* BDScrollowToH.m */,
				63604AC61D925FF600F9D9F0 /* BDScrollowToV.h */,
				63604AC71D925FF600F9D9F0 /* BDScrollowToV.m */,
				63604AC81D925FF600F9D9F0 /* OneScrollow.h */,
				63604AC91D925FF600F9D9F0 /* OneScrollow.m */,
				63604B061D92613B00F9D9F0 /* UIView+LWView_Extension.h */,
				63604B071D92613B00F9D9F0 /* UIView+LWView_Extension.m */,
				63604AC11D925FDA00F9D9F0 /* BDExpertDetailPersionalInformationView.h */,
				63604AC21D925FDA00F9D9F0 /* BDExpertDetailPersionalInformationView.m */,
			);
			name = View;
			sourceTree = "<group>";
		};
		63604B041D92605C00F9D9F0 /* Controller */ = {
			isa = PBXGroup;
			children = (
				63604ACA1D925FF600F9D9F0 /* OneTableViewController.h */,
				63604ACB1D925FF600F9D9F0 /* OneTableViewController.m */,
				63604ACE1D925FF600F9D9F0 /* TowTableViewController.h */,
				63604ACF1D925FF600F9D9F0 /* TowTableViewController.m */,
				63604ACC1D925FF600F9D9F0 /* ThreeTableViewController.h */,
				63604ACD1D925FF600F9D9F0 /* ThreeTableViewController.m */,
				63604AB01D925F3900F9D9F0 /* ViewController.h */,
				63604AB11D925F3900F9D9F0 /* ViewController.m */,
			);
			name = Controller;
			sourceTree = "<group>";
		};
		63604B051D92606A00F9D9F0 /* System */ = {
			isa = PBXGroup;
			children = (
				63604AAD1D925F3900F9D9F0 /* AppDelegate.h */,
				63604AAE1D925F3900F9D9F0 /* AppDelegate.m */,
				63604AB31D925F3900F9D9F0 /* Main.storyboard */,
				63604AB81D925F3900F9D9F0 /* LaunchScreen.storyboard */,
			);
			name = System;
			sourceTree = "<group>";
		};
/* End PBXGroup section */

/* Begin PBXNativeTarget section */
		63604AA61D925F3900F9D9F0 /* LWScrollow */ = {
			isa = PBXNativeTarget;
			buildConfigurationList = 63604ABE1D925F3900F9D9F0 /* Build configuration list for PBXNativeTarget "LWScrollow" */;
			buildPhases = (
				63604AA31D925F3900F9D9F0 /* Sources */,
				63604AA41D925F3900F9D9F0 /* Frameworks */,
				63604AA51D925F3900F9D9F0 /* Resources */,
			);
			buildRules = (
			);
			dependencies = (
			);
			name = LWScrollow;
			productName = LWScrollow;
			productReference = 63604AA71D925F3900F9D9F0 /* LWScrollow.app */;
			productType = "com.apple.product-type.application";
		};
/* End PBXNativeTarget section */

/* Begin PBXProject section */
		63604A9F1D925F3900F9D9F0 /* Project object */ = {
			isa = PBXProject;
			attributes = {
				LastUpgradeCheck = 0720;
				ORGANIZATIONNAME = com.power.linwei.;
				TargetAttributes = {
					63604AA61D925F3900F9D9F0 = {
						CreatedOnToolsVersion = 7.2.1;
					};
				};
			};
			buildConfigurationList = 63604AA21D925F3900F9D9F0 /* Build configuration list for PBXProject "LWScrollow" */;
			compatibilityVersion = "Xcode 3.2";
			developmentRegion = English;
			hasScannedForEncodings = 0;
			knownRegions = (
				en,
				Base,
			);
			mainGroup = 63604A9E1D925F3900F9D9F0;
			productRefGroup = 63604AA81D925F3900F9D9F0 /* Products */;
			projectDirPath = "";
			projectRoot = "";
			targets = (
				63604AA61D925F3900F9D9F0 /* LWScrollow */,
			);
		};
/* End PBXProject section */

/* Begin PBXResourcesBuildPhase section */
		63604AA51D925F3900F9D9F0 /* Resources */ = {
			isa = PBXResourcesBuildPhase;
			buildActionMask = 2147483647;
			files = (
				63604AF41D92600A00F9D9F0 /* Info.plist in Resources */,
				63604ABA1D925F3900F9D9F0 /* LaunchScreen.storyboard in Resources */,
				63604AB71D925F3900F9D9F0 /* Assets.xcassets in Resources */,
				63604AB51D925F3900F9D9F0 /* Main.storyboard in Resources */,
			);
			runOnlyForDeploymentPostprocessing = 0;
		};
/* End PBXResourcesBuildPhase section */

/* Begin PBXSourcesBuildPhase section */
		63604AA31D925F3900F9D9F0 /* Sources */ = {
			isa = PBXSourcesBuildPhase;
			buildActionMask = 2147483647;
			files = (
				63604AB21D925F3900F9D9F0 /* ViewController.m in Sources */,
				63604AAF1D925F3900F9D9F0 /* AppDelegate.m in Sources */,
				63604AD41D925FF600F9D9F0 /* OneScrollow.m in Sources */,
				63604AC31D925FDB00F9D9F0 /* BDExpertDetailPersionalInformationView.m in Sources */,
				63604AF51D92600A00F9D9F0 /* MASCompositeConstraint.m in Sources */,
				63604AD51D925FF600F9D9F0 /* OneTableViewController.m in Sources */,
				63604B011D92601C00F9D9F0 /* BaseTableViewController.m in Sources */,
				63604AFA1D92600A00F9D9F0 /* MASViewConstraint.m in Sources */,
				63604AAC1D925F3900F9D9F0 /* main.m in Sources */,
				63604AFD1D92600A00F9D9F0 /* View+MASAdditions.m in Sources */,
				63604B081D92613B00F9D9F0 /* UIView+LWView_Extension.m in Sources */,
				63604AFC1D92600A00F9D9F0 /* NSLayoutConstraint+MASDebugAdditions.m in Sources */,
				63604AF81D92600A00F9D9F0 /* MASLayoutConstraint.m in Sources */,
				63604AFE1D92600A00F9D9F0 /* ViewController+MASAdditions.m in Sources */,
				63604AF71D92600A00F9D9F0 /* MASConstraintMaker.m in Sources */,
				63604AD31D925FF600F9D9F0 /* BDScrollowToV.m in Sources */,
				63604AD21D925FF600F9D9F0 /* BDScrollowToH.m in Sources */,
				63604AD71D925FF600F9D9F0 /* TowTableViewController.m in Sources */,
				63604AD61D925FF600F9D9F0 /* ThreeTableViewController.m in Sources */,
				63604AFB1D92600A00F9D9F0 /* NSArray+MASAdditions.m in Sources */,
				63604AF91D92600A00F9D9F0 /* MASViewAttribute.m in Sources */,
				63604AF61D92600A00F9D9F0 /* MASConstraint.m in Sources */,
			);
			runOnlyForDeploymentPostprocessing = 0;
		};
/* End PBXSourcesBuildPhase section */

/* Begin PBXVariantGroup section */
		63604AB31D925F3900F9D9F0 /* Main.storyboard */ = {
			isa = PBXVariantGroup;
			children = (
				63604AB41D925F3900F9D9F0 /* Base */,
			);
			name = Main.storyboard;
			sourceTree = "<group>";
		};
		63604AB81D925F3900F9D9F0 /* LaunchScreen.storyboard */ = {
			isa = PBXVariantGroup;
			children = (
				63604AB91D925F3900F9D9F0 /* Base */,
			);
			name = LaunchScreen.storyboard;
			sourceTree = "<group>";
		};
/* End PBXVariantGroup section */

/* Begin XCBuildConfiguration section */
		63604ABC1D925F3900F9D9F0 /* Debug */ = {
			isa = XCBuildConfiguration;
			buildSettings = {
				ALWAYS_SEARCH_USER_PATHS = NO;
				CLANG_CXX_LANGUAGE_STANDARD = "gnu++0x";
				CLANG_CXX_LIBRARY = "libc++";
				CLANG_ENABLE_MODULES = YES;
				CLANG_ENABLE_OBJC_ARC = YES;
				CLANG_WARN_BOOL_CONVERSION = YES;
				CLANG_WARN_CONSTANT_CONVERSION = YES;
				CLANG_WARN_DIRECT_OBJC_ISA_USAGE = YES_ERROR;
				CLANG_WARN_EMPTY_BODY = YES;
				CLANG_WARN_ENUM_CONVERSION = YES;
				CLANG_WARN_INT_CONVERSION = YES;
				CLANG_WARN_OBJC_ROOT_CLASS = YES_ERROR;
				CLANG_WARN_UNREACHABLE_CODE = YES;
				CLANG_WARN__DUPLICATE_METHOD_MATCH = YES;
				"CODE_SIGN_IDENTITY[sdk=iphoneos*]" = "iPhone Developer";
				COPY_PHASE_STRIP = NO;
				DEBUG_INFORMATION_FORMAT = dwarf;
				ENABLE_STRICT_OBJC_MSGSEND = YES;
				ENABLE_TESTABILITY = YES;
				GCC_C_LANGUAGE_STANDARD = gnu99;
				GCC_DYNAMIC_NO_PIC = NO;
				GCC_NO_COMMON_BLOCKS = YES;
				GCC_OPTIMIZATION_LEVEL = 0;
				GCC_PREPROCESSOR_DEFINITIONS = (
					"DEBUG=1",
					"$(inherited)",
				);
				GCC_WARN_64_TO_32_BIT_CONVERSION = YES;
				GCC_WARN_ABOUT_RETURN_TYPE = YES_ERROR;
				GCC_WARN_UNDECLARED_SELECTOR = YES;
				GCC_WARN_UNINITIALIZED_AUTOS = YES_AGGRESSIVE;
				GCC_WARN_UNUSED_FUNCTION = YES;
				GCC_WARN_UNUSED_VARIABLE = YES;
				IPHONEOS_DEPLOYMENT_TARGET = 9.2;
				MTL_ENABLE_DEBUG_INFO = YES;
				ONLY_ACTIVE_ARCH = YES;
				SDKROOT = iphoneos;
			};
			name = Debug;
		};
		63604ABD1D925F3900F9D9F0 /* Release */ = {
			isa = XCBuildConfiguration;
			buildSettings = {
				ALWAYS_SEARCH_USER_PATHS = NO;
				CLANG_CXX_LANGUAGE_STANDARD = "gnu++0x";
				CLANG_CXX_LIBRARY = "libc++";
				CLANG_ENABLE_MODULES = YES;
				CLANG_ENABLE_OBJC_ARC = YES;
				CLANG_WARN_BOOL_CONVERSION = YES;
				CLANG_WARN_CONSTANT_CONVERSION = YES;
				CLANG_WARN_DIRECT_OBJC_ISA_USAGE = YES_ERROR;
				CLANG_WARN_EMPTY_BODY = YES;
				CLANG_WARN_ENUM_CONVERSION = YES;
				CLANG_WARN_INT_CONVERSION = YES;
				CLANG_WARN_OBJC_ROOT_CLASS = YES_ERROR;
				CLANG_WARN_UNREACHABLE_CODE = YES;
				CLANG_WARN__DUPLICATE_METHOD_MATCH = YES;
				"CODE_SIGN_IDENTITY[sdk=iphoneos*]" = "iPhone Developer";
				COPY_PHASE_STRIP = NO;
				DEBUG_INFORMATION_FORMAT = "dwarf-with-dsym";
				ENABLE_NS_ASSERTIONS = NO;
				ENABLE_STRICT_OBJC_MSGSEND = YES;
				GCC_C_LANGUAGE_STANDARD = gnu99;
				GCC_NO_COMMON_BLOCKS = YES;
				GCC_WARN_64_TO_32_BIT_CONVERSION = YES;
				GCC_WARN_ABOUT_RETURN_TYPE = YES_ERROR;
				GCC_WARN_UNDECLARED_SELECTOR = YES;
				GCC_WARN_UNINITIALIZED_AUTOS = YES_AGGRESSIVE;
				GCC_WARN_UNUSED_FUNCTION = YES;
				GCC_WARN_UNUSED_VARIABLE = YES;
				IPHONEOS_DEPLOYMENT_TARGET = 9.2;
				MTL_ENABLE_DEBUG_INFO = NO;
				SDKROOT = iphoneos;
				VALIDATE_PRODUCT = YES;
			};
			name = Release;
		};
		63604ABF1D925F3900F9D9F0 /* Debug */ = {
			isa = XCBuildConfiguration;
			buildSettings = {
				ASSETCATALOG_COMPILER_APPICON_NAME = AppIcon;
				INFOPLIST_FILE = LWScrollow/Info.plist;
				LD_RUNPATH_SEARCH_PATHS = "$(inherited) @executable_path/Frameworks";
				PRODUCT_BUNDLE_IDENTIFIER = com.LinWei.LWScrollow;
				PRODUCT_NAME = "$(TARGET_NAME)";
			};
			name = Debug;
		};
		63604AC01D925F3900F9D9F0 /* Release */ = {
			isa = XCBuildConfiguration;
			buildSettings = {
				ASSETCATALOG_COMPILER_APPICON_NAME = AppIcon;
				INFOPLIST_FILE = LWScrollow/Info.plist;
				LD_RUNPATH_SEARCH_PATHS = "$(inherited) @executable_path/Frameworks";
				PRODUCT_BUNDLE_IDENTIFIER = com.LinWei.LWScrollow;
				PRODUCT_NAME = "$(TARGET_NAME)";
			};
			name = Release;
		};
/* End XCBuildConfiguration section */

/* Begin XCConfigurationList section */
		63604AA21D925F3900F9D9F0 /* Build configuration list for PBXProject "LWScrollow" */ = {
			isa = XCConfigurationList;
			buildConfigurations = (
				63604ABC1D925F3900F9D9F0 /* Debug */,
				63604ABD1D925F3900F9D9F0 /* Release */,
			);
			defaultConfigurationIsVisible = 0;
			defaultConfigurationName = Release;
		};
		63604ABE1D925F3900F9D9F0 /* Build configuration list for PBXNativeTarget "LWScrollow" */ = {
			isa = XCConfigurationList;
			buildConfigurations = (
				63604ABF1D925F3900F9D9F0 /* Debug */,
				63604AC01D925F3900F9D9F0 /* Release */,
			);
			defaultConfigurationIsVisible = 0;
		};
/* End XCConfigurationList section */
	};
	rootObject = 63604A9F1D925F3900F9D9F0 /* Project object */;
}
